
Microsoft Visual Studio Solution File, Format Version 12.00
# Visual Studio Version 17
VisualStudioVersion = 17.4.33213.308
MinimumVisualStudioVersion = 10.0.40219.1
Project("{FAE04EC0-301F-11D3-BF4B-00C04F79EFBC}") = "ProyectoIdiomas", "ProyectoIdiomas\ProyectoIdiomas.csproj", "{52D7E97D-F26F-4C68-8910-373AEF46E516}"
EndProject
Global
	GlobalSection(SolutionConfigurationPlatforms) = preSolution
		Debug|Any CPU = Debug|Any CPU
		Release|Any CPU = Release|Any CPU
	EndGlobalSection
	GlobalSection(ProjectConfigurationPlatforms) = postSolution
		{52D7E97D-F26F-4C68-8910-373AEF46E516}.Debug|Any CPU.ActiveCfg = Debug|Any CPU
		{52D7E97D-F26F-4C68-8910-373AEF46E516}.Debug|Any CPU.Build.0 = Debug|Any CPU
		{52D7E97D-F26F-4C68-8910-373AEF46E516}.Release|Any CPU.ActiveCfg = Release|Any CPU
		{52D7E97D-F26F-4C68-8910-373AEF46E516}.Release|Any CPU.Build.0 = Release|Any CPU
	EndGlobalSection
	GlobalSection(SolutionProperties) = preSolution
		HideSolutionNode = FALSE
	EndGlobalSection
	GlobalSection(ExtensibilityGlobals) = postSolution
		SolutionGuid = {E8DCB7E4-3A6A-45F3-A580-ABC693AE39A1}
	EndGlobalSection
EndGlobal
